// !$*UTF8*$!
{
	archiveVersion = 1;
	classes = {
	};
	objectVersion = 55;
	objects = {

/* Begin PBXBuildFile section */
		374C3909C32661E7166496D9 /* Pods_BloggingApp.framework in Frameworks */ = {isa = PBXBuildFile; fileRef = 0A1FEF659F8875893BB7D77C /* Pods_BloggingApp.framework */; };
		BB31A71D27AD7F4B00F76ED2 /* GoogleService-Info.plist in Resources */ = {isa = PBXBuildFile; fileRef = BB31A71C27AD7F4B00F76ED2 /* GoogleService-Info.plist */; };
		BB5964B627AD67360010A424 /* AppDelegate.swift in Sources */ = {isa = PBXBuildFile; fileRef = BB5964B527AD67360010A424 /* AppDelegate.swift */; };
		BB5964B827AD67360010A424 /* SceneDelegate.swift in Sources */ = {isa = PBXBuildFile; fileRef = BB5964B727AD67360010A424 /* SceneDelegate.swift */; };
		BB5964BA27AD67360010A424 /* HomeViewController.swift in Sources */ = {isa = PBXBuildFile; fileRef = BB5964B927AD67360010A424 /* HomeViewController.swift */; };
		BB5964BF27AD67360010A424 /* Assets.xcassets in Resources */ = {isa = PBXBuildFile; fileRef = BB5964BE27AD67360010A424 /* Assets.xcassets */; };
		BB5964C227AD67360010A424 /* LaunchScreen.storyboard in Resources */ = {isa = PBXBuildFile; fileRef = BB5964C027AD67360010A424 /* LaunchScreen.storyboard */; };
		BB6BBBC227BD76C400C6A6B4 /* PayWallDescriptionView.swift in Sources */ = {isa = PBXBuildFile; fileRef = BB6BBBC127BD76C400C6A6B4 /* PayWallDescriptionView.swift */; };
		BB7EC54D27AD6BDF00936BAB /* ProfileViewController.swift in Sources */ = {isa = PBXBuildFile; fileRef = BB7EC54C27AD6BDF00936BAB /* ProfileViewController.swift */; };
		BB7EC55027AD6C4700936BAB /* TabBarViewController.swift in Sources */ = {isa = PBXBuildFile; fileRef = BB7EC54F27AD6C4700936BAB /* TabBarViewController.swift */; };
		BB7EC55227AD6C6A00936BAB /* SignInViewController.swift in Sources */ = {isa = PBXBuildFile; fileRef = BB7EC55127AD6C6A00936BAB /* SignInViewController.swift */; };
		BB7EC55427AD6C7700936BAB /* SignUpViewController.swift in Sources */ = {isa = PBXBuildFile; fileRef = BB7EC55327AD6C7700936BAB /* SignUpViewController.swift */; };
		BB7EC55827AD6CAC00936BAB /* ViewPostViewController.swift in Sources */ = {isa = PBXBuildFile; fileRef = BB7EC55727AD6CAC00936BAB /* ViewPostViewController.swift */; };
		BB7EC55A27AD6CC000936BAB /* CreateNewPostViewController.swift in Sources */ = {isa = PBXBuildFile; fileRef = BB7EC55927AD6CC000936BAB /* CreateNewPostViewController.swift */; };
		BB7EC55C27AD6CE800936BAB /* IAPManager.swift in Sources */ = {isa = PBXBuildFile; fileRef = BB7EC55B27AD6CE800936BAB /* IAPManager.swift */; };
		BB7EC55E27AD6D0200936BAB /* DatabaseManager.swift in Sources */ = {isa = PBXBuildFile; fileRef = BB7EC55D27AD6D0200936BAB /* DatabaseManager.swift */; };
		BB7EC56027AD6D1500936BAB /* AuthManager.swift in Sources */ = {isa = PBXBuildFile; fileRef = BB7EC55F27AD6D1500936BAB /* AuthManager.swift */; };
		BB7EC56227AD6D2700936BAB /* StorageManager.swift in Sources */ = {isa = PBXBuildFile; fileRef = BB7EC56127AD6D2700936BAB /* StorageManager.swift */; };
		BB8C695327CCFC020003736C /* PostPreviewTableViewCell.swift in Sources */ = {isa = PBXBuildFile; fileRef = BB8C695227CCFC020003736C /* PostPreviewTableViewCell.swift */; };
		BB8C695527CCFC150003736C /* PostHeaderTableViewCell.swift in Sources */ = {isa = PBXBuildFile; fileRef = BB8C695427CCFC150003736C /* PostHeaderTableViewCell.swift */; };
		BB8C695927CD173D0003736C /* HapticsManager.swift in Sources */ = {isa = PBXBuildFile; fileRef = BB8C695827CD173D0003736C /* HapticsManager.swift */; };
		BB9E7A4627AD8F8F0081BF8B /* User.swift in Sources */ = {isa = PBXBuildFile; fileRef = BB9E7A4527AD8F8F0081BF8B /* User.swift */; };
		BB9E7A4827AD8F9E0081BF8B /* BlogPost.swift in Sources */ = {isa = PBXBuildFile; fileRef = BB9E7A4727AD8F9E0081BF8B /* BlogPost.swift */; };
		BBB00E2327BEA7F600E3F70D /* SignInHeaderView.swift in Sources */ = {isa = PBXBuildFile; fileRef = BBB00E2227BEA7F600E3F70D /* SignInHeaderView.swift */; };
		BBEADCBF27BD4E7C00C830B4 /* PayWallViewController.swift in Sources */ = {isa = PBXBuildFile; fileRef = BBEADCBE27BD4E7C00C830B4 /* PayWallViewController.swift */; };
		BBEADCC227BD526300C830B4 /* PayWallHeaderView.swift in Sources */ = {isa = PBXBuildFile; fileRef = BBEADCC127BD526300C830B4 /* PayWallHeaderView.swift */; };
		BBEADCC427BD6F4800C830B4 /* Extensions.swift in Sources */ = {isa = PBXBuildFile; fileRef = BBEADCC327BD6F4800C830B4 /* Extensions.swift */; };
/* End PBXBuildFile section */

/* Begin PBXFileReference section */
		0A1FEF659F8875893BB7D77C /* Pods_BloggingApp.framework */ = {isa = PBXFileReference; explicitFileType = wrapper.framework; includeInIndex = 0; path = Pods_BloggingApp.framework; sourceTree = BUILT_PRODUCTS_DIR; };
		1263E03C67C813D7CE47D453 /* Pods-BloggingApp.release.xcconfig */ = {isa = PBXFileReference; includeInIndex = 1; lastKnownFileType = text.xcconfig; name = "Pods-BloggingApp.release.xcconfig"; path = "Target Support Files/Pods-BloggingApp/Pods-BloggingApp.release.xcconfig"; sourceTree = "<group>"; };
		292418F9E2265EDA6B1B7506 /* Pods-BloggingApp.debug.xcconfig */ = {isa = PBXFileReference; includeInIndex = 1; lastKnownFileType = text.xcconfig; name = "Pods-BloggingApp.debug.xcconfig"; path = "Target Support Files/Pods-BloggingApp/Pods-BloggingApp.debug.xcconfig"; sourceTree = "<group>"; };
		BB31A71C27AD7F4B00F76ED2 /* GoogleService-Info.plist */ = {isa = PBXFileReference; fileEncoding = 4; lastKnownFileType = text.plist.xml; path = "GoogleService-Info.plist"; sourceTree = "<group>"; };
		BB5964B227AD67360010A424 /* BloggingApp.app */ = {isa = PBXFileReference; explicitFileType = wrapper.application; includeInIndex = 0; path = BloggingApp.app; sourceTree = BUILT_PRODUCTS_DIR; };
		BB5964B527AD67360010A424 /* AppDelegate.swift */ = {isa = PBXFileReference; lastKnownFileType = sourcecode.swift; path = AppDelegate.swift; sourceTree = "<group>"; };
		BB5964B727AD67360010A424 /* SceneDelegate.swift */ = {isa = PBXFileReference; lastKnownFileType = sourcecode.swift; path = SceneDelegate.swift; sourceTree = "<group>"; };
		BB5964B927AD67360010A424 /* HomeViewController.swift */ = {isa = PBXFileReference; lastKnownFileType = sourcecode.swift; path = HomeViewController.swift; sourceTree = "<group>"; };
		BB5964BE27AD67360010A424 /* Assets.xcassets */ = {isa = PBXFileReference; lastKnownFileType = folder.assetcatalog; path = Assets.xcassets; sourceTree = "<group>"; };
		BB5964C127AD67360010A424 /* Base */ = {isa = PBXFileReference; lastKnownFileType = file.storyboard; name = Base; path = Base.lproj/LaunchScreen.storyboard; sourceTree = "<group>"; };
		BB5964C327AD67360010A424 /* Info.plist */ = {isa = PBXFileReference; lastKnownFileType = text.plist.xml; path = Info.plist; sourceTree = "<group>"; };
		BB6BBBC127BD76C400C6A6B4 /* PayWallDescriptionView.swift */ = {isa = PBXFileReference; lastKnownFileType = sourcecode.swift; path = PayWallDescriptionView.swift; sourceTree = "<group>"; };
		BB7EC54C27AD6BDF00936BAB /* ProfileViewController.swift */ = {isa = PBXFileReference; lastKnownFileType = sourcecode.swift; path = ProfileViewController.swift; sourceTree = "<group>"; };
		BB7EC54F27AD6C4700936BAB /* TabBarViewController.swift */ = {isa = PBXFileReference; lastKnownFileType = sourcecode.swift; path = TabBarViewController.swift; sourceTree = "<group>"; };
		BB7EC55127AD6C6A00936BAB /* SignInViewController.swift */ = {isa = PBXFileReference; lastKnownFileType = sourcecode.swift; path = SignInViewController.swift; sourceTree = "<group>"; };
		BB7EC55327AD6C7700936BAB /* SignUpViewController.swift */ = {isa = PBXFileReference; lastKnownFileType = sourcecode.swift; path = SignUpViewController.swift; sourceTree = "<group>"; };
		BB7EC55727AD6CAC00936BAB /* ViewPostViewController.swift */ = {isa = PBXFileReference; lastKnownFileType = sourcecode.swift; path = ViewPostViewController.swift; sourceTree = "<group>"; };
		BB7EC55927AD6CC000936BAB /* CreateNewPostViewController.swift */ = {isa = PBXFileReference; lastKnownFileType = sourcecode.swift; path = CreateNewPostViewController.swift; sourceTree = "<group>"; };
		BB7EC55B27AD6CE800936BAB /* IAPManager.swift */ = {isa = PBXFileReference; lastKnownFileType = sourcecode.swift; path = IAPManager.swift; sourceTree = "<group>"; };
		BB7EC55D27AD6D0200936BAB /* DatabaseManager.swift */ = {isa = PBXFileReference; lastKnownFileType = sourcecode.swift; path = DatabaseManager.swift; sourceTree = "<group>"; };
		BB7EC55F27AD6D1500936BAB /* AuthManager.swift */ = {isa = PBXFileReference; lastKnownFileType = sourcecode.swift; path = AuthManager.swift; sourceTree = "<group>"; };
		BB7EC56127AD6D2700936BAB /* StorageManager.swift */ = {isa = PBXFileReference; lastKnownFileType = sourcecode.swift; path = StorageManager.swift; sourceTree = "<group>"; };
		BB8C695227CCFC020003736C /* PostPreviewTableViewCell.swift */ = {isa = PBXFileReference; lastKnownFileType = sourcecode.swift; path = PostPreviewTableViewCell.swift; sourceTree = "<group>"; };
		BB8C695427CCFC150003736C /* PostHeaderTableViewCell.swift */ = {isa = PBXFileReference; lastKnownFileType = sourcecode.swift; path = PostHeaderTableViewCell.swift; sourceTree = "<group>"; };
		BB8C695827CD173D0003736C /* HapticsManager.swift */ = {isa = PBXFileReference; lastKnownFileType = sourcecode.swift; path = HapticsManager.swift; sourceTree = "<group>"; };
		BB9E7A4527AD8F8F0081BF8B /* User.swift */ = {isa = PBXFileReference; lastKnownFileType = sourcecode.swift; path = User.swift; sourceTree = "<group>"; };
		BB9E7A4727AD8F9E0081BF8B /* BlogPost.swift */ = {isa = PBXFileReference; lastKnownFileType = sourcecode.swift; path = BlogPost.swift; sourceTree = "<group>"; };
		BBB00E2227BEA7F600E3F70D /* SignInHeaderView.swift */ = {isa = PBXFileReference; lastKnownFileType = sourcecode.swift; path = SignInHeaderView.swift; sourceTree = "<group>"; };
		BBEADCBE27BD4E7C00C830B4 /* PayWallViewController.swift */ = {isa = PBXFileReference; lastKnownFileType = sourcecode.swift; path = PayWallViewController.swift; sourceTree = "<group>"; };
		BBEADCC027BD4FDA00C830B4 /* Configuration.storekit */ = {isa = PBXFileReference; lastKnownFileType = text; path = Configuration.storekit; sourceTree = "<group>"; };
		BBEADCC127BD526300C830B4 /* PayWallHeaderView.swift */ = {isa = PBXFileReference; lastKnownFileType = sourcecode.swift; path = PayWallHeaderView.swift; sourceTree = "<group>"; };
		BBEADCC327BD6F4800C830B4 /* Extensions.swift */ = {isa = PBXFileReference; lastKnownFileType = sourcecode.swift; path = Extensions.swift; sourceTree = "<group>"; };
/* End PBXFileReference section */

/* Begin PBXFrameworksBuildPhase section */
		BB5964AF27AD67360010A424 /* Frameworks */ = {
			isa = PBXFrameworksBuildPhase;
			buildActionMask = 2147483647;
			files = (
				374C3909C32661E7166496D9 /* Pods_BloggingApp.framework in Frameworks */,
			);
			runOnlyForDeploymentPostprocessing = 0;
		};
/* End PBXFrameworksBuildPhase section */

/* Begin PBXGroup section */
		401CBE2B54F8754E4A6EC924 /* Pods */ = {
			isa = PBXGroup;
			children = (
				292418F9E2265EDA6B1B7506 /* Pods-BloggingApp.debug.xcconfig */,
				1263E03C67C813D7CE47D453 /* Pods-BloggingApp.release.xcconfig */,
			);
			path = Pods;
			sourceTree = "<group>";
		};
		BB5964A927AD67360010A424 = {
			isa = PBXGroup;
			children = (
				BB5964B427AD67360010A424 /* BloggingApp */,
				BB5964B327AD67360010A424 /* Products */,
				401CBE2B54F8754E4A6EC924 /* Pods */,
				FD11D9FBFC9525689522F334 /* Frameworks */,
			);
			sourceTree = "<group>";
		};
		BB5964B327AD67360010A424 /* Products */ = {
			isa = PBXGroup;
			children = (
				BB5964B227AD67360010A424 /* BloggingApp.app */,
			);
			name = Products;
			sourceTree = "<group>";
		};
		BB5964B427AD67360010A424 /* BloggingApp */ = {
			isa = PBXGroup;
			children = (
				BB7EC54B27AD6B5400936BAB /* Managers */,
				BB7EC54A27AD6B4C00936BAB /* Other */,
				BB7EC54927AD6B4200936BAB /* Controllers */,
				BB7EC54827AD6B3B00936BAB /* Views */,
				BB7EC54727AD6B3200936BAB /* Models */,
				BB5964C327AD67360010A424 /* Info.plist */,
				BB31A71C27AD7F4B00F76ED2 /* GoogleService-Info.plist */,
			);
			path = BloggingApp;
			sourceTree = "<group>";
		};
		BB7EC54727AD6B3200936BAB /* Models */ = {
			isa = PBXGroup;
			children = (
				BB9E7A4527AD8F8F0081BF8B /* User.swift */,
				BB9E7A4727AD8F9E0081BF8B /* BlogPost.swift */,
			);
			path = Models;
			sourceTree = "<group>";
		};
		BB7EC54827AD6B3B00936BAB /* Views */ = {
			isa = PBXGroup;
			children = (
				BB8C695127CCFBC20003736C /* Cells */,
				BB5964C027AD67360010A424 /* LaunchScreen.storyboard */,
				BBEADCC127BD526300C830B4 /* PayWallHeaderView.swift */,
				BB6BBBC127BD76C400C6A6B4 /* PayWallDescriptionView.swift */,
				BBB00E2227BEA7F600E3F70D /* SignInHeaderView.swift */,
			);
			path = Views;
			sourceTree = "<group>";
		};
		BB7EC54927AD6B4200936BAB /* Controllers */ = {
			isa = PBXGroup;
			children = (
				BBEADCBD27BD4E4100C830B4 /* Other */,
				BB7EC56327AD704B00936BAB /* Core Tabs */,
				BB7EC56427AD707700936BAB /* Auth */,
				BB7EC56527AD708A00936BAB /* Posts */,
			);
			path = Controllers;
			sourceTree = "<group>";
		};
		BB7EC54A27AD6B4C00936BAB /* Other */ = {
			isa = PBXGroup;
			children = (
				BB5964BE27AD67360010A424 /* Assets.xcassets */,
				BB5964B527AD67360010A424 /* AppDelegate.swift */,
				BB5964B727AD67360010A424 /* SceneDelegate.swift */,
				BBEADCC327BD6F4800C830B4 /* Extensions.swift */,
			);
			path = Other;
			sourceTree = "<group>";
		};
		BB7EC54B27AD6B5400936BAB /* Managers */ = {
			isa = PBXGroup;
			children = (
				BB7EC55B27AD6CE800936BAB /* IAPManager.swift */,
				BB7EC55D27AD6D0200936BAB /* DatabaseManager.swift */,
				BB7EC55F27AD6D1500936BAB /* AuthManager.swift */,
				BB7EC56127AD6D2700936BAB /* StorageManager.swift */,
				BB8C695827CD173D0003736C /* HapticsManager.swift */,
			);
			path = Managers;
			sourceTree = "<group>";
		};
		BB7EC56327AD704B00936BAB /* Core Tabs */ = {
			isa = PBXGroup;
			children = (
				BB5964B927AD67360010A424 /* HomeViewController.swift */,
				BB7EC54C27AD6BDF00936BAB /* ProfileViewController.swift */,
				BB7EC54F27AD6C4700936BAB /* TabBarViewController.swift */,
				BBEADCC027BD4FDA00C830B4 /* Configuration.storekit */,
			);
			path = "Core Tabs";
			sourceTree = "<group>";
		};
		BB7EC56427AD707700936BAB /* Auth */ = {
			isa = PBXGroup;
			children = (
				BB7EC55127AD6C6A00936BAB /* SignInViewController.swift */,
				BB7EC55327AD6C7700936BAB /* SignUpViewController.swift */,
			);
			path = Auth;
			sourceTree = "<group>";
		};
		BB7EC56527AD708A00936BAB /* Posts */ = {
			isa = PBXGroup;
			children = (
				BB7EC55727AD6CAC00936BAB /* ViewPostViewController.swift */,
				BB7EC55927AD6CC000936BAB /* CreateNewPostViewController.swift */,
			);
			path = Posts;
			sourceTree = "<group>";
		};
		BB8C695127CCFBC20003736C /* Cells */ = {
			isa = PBXGroup;
			children = (
				BB8C695227CCFC020003736C /* PostPreviewTableViewCell.swift */,
				BB8C695427CCFC150003736C /* PostHeaderTableViewCell.swift */,
			);
			path = Cells;
			sourceTree = "<group>";
		};
		BBEADCBD27BD4E4100C830B4 /* Other */ = {
			isa = PBXGroup;
			children = (
				BBEADCBE27BD4E7C00C830B4 /* PayWallViewController.swift */,
			);
			path = Other;
			sourceTree = "<group>";
		};
		FD11D9FBFC9525689522F334 /* Frameworks */ = {
			isa = PBXGroup;
			children = (
				0A1FEF659F8875893BB7D77C /* Pods_BloggingApp.framework */,
			);
			name = Frameworks;
			sourceTree = "<group>";
		};
/* End PBXGroup section */

/* Begin PBXNativeTarget section */
		BB5964B127AD67360010A424 /* BloggingApp */ = {
			isa = PBXNativeTarget;
			buildConfigurationList = BB5964C627AD67360010A424 /* Build configuration list for PBXNativeTarget "BloggingApp" */;
			buildPhases = (
				58B492AA8C82A95E3E8996DE /* [CP] Check Pods Manifest.lock */,
				BB5964AE27AD67360010A424 /* Sources */,
				BB5964AF27AD67360010A424 /* Frameworks */,
				BB5964B027AD67360010A424 /* Resources */,
				A4F35478DEF90F017A85471D /* [CP] Embed Pods Frameworks */,
			);
			buildRules = (
			);
			dependencies = (
			);
			name = BloggingApp;
			productName = BloggingApp;
			productReference = BB5964B227AD67360010A424 /* BloggingApp.app */;
			productType = "com.apple.product-type.application";
		};
/* End PBXNativeTarget section */

/* Begin PBXProject section */
		BB5964AA27AD67360010A424 /* Project object */ = {
			isa = PBXProject;
			attributes = {
				BuildIndependentTargetsInParallel = 1;
				LastSwiftUpdateCheck = 1320;
				LastUpgradeCheck = 1320;
				TargetAttributes = {
					BB5964B127AD67360010A424 = {
						CreatedOnToolsVersion = 13.2.1;
					};
				};
			};
			buildConfigurationList = BB5964AD27AD67360010A424 /* Build configuration list for PBXProject "BloggingApp" */;
			compatibilityVersion = "Xcode 13.0";
			developmentRegion = en;
			hasScannedForEncodings = 0;
			knownRegions = (
				en,
				Base,
			);
			mainGroup = BB5964A927AD67360010A424;
			productRefGroup = BB5964B327AD67360010A424 /* Products */;
			projectDirPath = "";
			projectRoot = "";
			targets = (
				BB5964B127AD67360010A424 /* BloggingApp */,
			);
		};
/* End PBXProject section */

/* Begin PBXResourcesBuildPhase section */
		BB5964B027AD67360010A424 /* Resources */ = {
			isa = PBXResourcesBuildPhase;
			buildActionMask = 2147483647;
			files = (
				BB5964C227AD67360010A424 /* LaunchScreen.storyboard in Resources */,
				BB5964BF27AD67360010A424 /* Assets.xcassets in Resources */,
				BB31A71D27AD7F4B00F76ED2 /* GoogleService-Info.plist in Resources */,
			);
			runOnlyForDeploymentPostprocessing = 0;
		};
/* End PBXResourcesBuildPhase section */

/* Begin PBXShellScriptBuildPhase section */
		58B492AA8C82A95E3E8996DE /* [CP] Check Pods Manifest.lock */ = {
			isa = PBXShellScriptBuildPhase;
			buildActionMask = 2147483647;
			files = (
			);
			inputFileListPaths = (
			);
			inputPaths = (
				"${PODS_PODFILE_DIR_PATH}/Podfile.lock",
				"${PODS_ROOT}/Manifest.lock",
			);
			name = "[CP] Check Pods Manifest.lock";
			outputFileListPaths = (
			);
			outputPaths = (
				"$(DERIVED_FILE_DIR)/Pods-BloggingApp-checkManifestLockResult.txt",
			);
			runOnlyForDeploymentPostprocessing = 0;
			shellPath = /bin/sh;
			shellScript = "diff \"${PODS_PODFILE_DIR_PATH}/Podfile.lock\" \"${PODS_ROOT}/Manifest.lock\" > /dev/null\nif [ $? != 0 ] ; then\n    # print error to STDERR\n    echo \"error: The sandbox is not in sync with the Podfile.lock. Run 'pod install' or update your CocoaPods installation.\" >&2\n    exit 1\nfi\n# This output is used by Xcode 'outputs' to avoid re-running this script phase.\necho \"SUCCESS\" > \"${SCRIPT_OUTPUT_FILE_0}\"\n";
			showEnvVarsInLog = 0;
		};
		A4F35478DEF90F017A85471D /* [CP] Embed Pods Frameworks */ = {
			isa = PBXShellScriptBuildPhase;
			buildActionMask = 2147483647;
			files = (
			);
			inputFileListPaths = (
				"${PODS_ROOT}/Target Support Files/Pods-BloggingApp/Pods-BloggingApp-frameworks-${CONFIGURATION}-input-files.xcfilelist",
			);
			name = "[CP] Embed Pods Frameworks";
			outputFileListPaths = (
				"${PODS_ROOT}/Target Support Files/Pods-BloggingApp/Pods-BloggingApp-frameworks-${CONFIGURATION}-output-files.xcfilelist",
			);
			runOnlyForDeploymentPostprocessing = 0;
			shellPath = /bin/sh;
			shellScript = "\"${PODS_ROOT}/Target Support Files/Pods-BloggingApp/Pods-BloggingApp-frameworks.sh\"\n";
			showEnvVarsInLog = 0;
		};
/* End PBXShellScriptBuildPhase section */

/* Begin PBXSourcesBuildPhase section */
		BB5964AE27AD67360010A424 /* Sources */ = {
			isa = PBXSourcesBuildPhase;
			buildActionMask = 2147483647;
			files = (
				BB9E7A4827AD8F9E0081BF8B /* BlogPost.swift in Sources */,
				BB6BBBC227BD76C400C6A6B4 /* PayWallDescriptionView.swift in Sources */,
				BB7EC55227AD6C6A00936BAB /* SignInViewController.swift in Sources */,
				BB7EC56027AD6D1500936BAB /* AuthManager.swift in Sources */,
				BB7EC55E27AD6D0200936BAB /* DatabaseManager.swift in Sources */,
				BB7EC55427AD6C7700936BAB /* SignUpViewController.swift in Sources */,
				BBEADCC227BD526300C830B4 /* PayWallHeaderView.swift in Sources */,
				BB5964BA27AD67360010A424 /* HomeViewController.swift in Sources */,
				BB8C695527CCFC150003736C /* PostHeaderTableViewCell.swift in Sources */,
				BB5964B627AD67360010A424 /* AppDelegate.swift in Sources */,
				BBB00E2327BEA7F600E3F70D /* SignInHeaderView.swift in Sources */,
				BBEADCC427BD6F4800C830B4 /* Extensions.swift in Sources */,
				BB9E7A4627AD8F8F0081BF8B /* User.swift in Sources */,
				BB8C695327CCFC020003736C /* PostPreviewTableViewCell.swift in Sources */,
				BB7EC54D27AD6BDF00936BAB /* ProfileViewController.swift in Sources */,
				BB7EC55A27AD6CC000936BAB /* CreateNewPostViewController.swift in Sources */,
				BB7EC55C27AD6CE800936BAB /* IAPManager.swift in Sources */,
				BB7EC55027AD6C4700936BAB /* TabBarViewController.swift in Sources */,
				BB5964B827AD67360010A424 /* SceneDelegate.swift in Sources */,
				BB7EC55827AD6CAC00936BAB /* ViewPostViewController.swift in Sources */,
				BB8C695927CD173D0003736C /* HapticsManager.swift in Sources */,
				BB7EC56227AD6D2700936BAB /* StorageManager.swift in Sources */,
				BBEADCBF27BD4E7C00C830B4 /* PayWallViewController.swift in Sources */,
			);
			runOnlyForDeploymentPostprocessing = 0;
		};
/* End PBXSourcesBuildPhase section */

/* Begin PBXVariantGroup section */
		BB5964C027AD67360010A424 /* LaunchScreen.storyboard */ = {
			isa = PBXVariantGroup;
			children = (
				BB5964C127AD67360010A424 /* Base */,
			);
			name = LaunchScreen.storyboard;
			sourceTree = "<group>";
		};
/* End PBXVariantGroup section */

/* Begin XCBuildConfiguration section */
		BB5964C427AD67360010A424 /* Debug */ = {
			isa = XCBuildConfiguration;
			buildSettings = {
				ALWAYS_SEARCH_USER_PATHS = NO;
				CLANG_ANALYZER_NONNULL = YES;
				CLANG_ANALYZER_NUMBER_OBJECT_CONVERSION = YES_AGGRESSIVE;
				CLANG_CXX_LANGUAGE_STANDARD = "gnu++17";
				CLANG_CXX_LIBRARY = "libc++";
				CLANG_ENABLE_MODULES = YES;
				CLANG_ENABLE_OBJC_ARC = YES;
				CLANG_ENABLE_OBJC_WEAK = YES;
				CLANG_WARN_BLOCK_CAPTURE_AUTORELEASING = YES;
				CLANG_WARN_BOOL_CONVERSION = YES;
				CLANG_WARN_COMMA = YES;
				CLANG_WARN_CONSTANT_CONVERSION = YES;
				CLANG_WARN_DEPRECATED_OBJC_IMPLEMENTATIONS = YES;
				CLANG_WARN_DIRECT_OBJC_ISA_USAGE = YES_ERROR;
				CLANG_WARN_DOCUMENTATION_COMMENTS = YES;
				CLANG_WARN_EMPTY_BODY = YES;
				CLANG_WARN_ENUM_CONVERSION = YES;
				CLANG_WARN_INFINITE_RECURSION = YES;
				CLANG_WARN_INT_CONVERSION = YES;
				CLANG_WARN_NON_LITERAL_NULL_CONVERSION = YES;
				CLANG_WARN_OBJC_IMPLICIT_RETAIN_SELF = YES;
				CLANG_WARN_OBJC_LITERAL_CONVERSION = YES;
				CLANG_WARN_OBJC_ROOT_CLASS = YES_ERROR;
				CLANG_WARN_QUOTED_INCLUDE_IN_FRAMEWORK_HEADER = YES;
				CLANG_WARN_RANGE_LOOP_ANALYSIS = YES;
				CLANG_WARN_STRICT_PROTOTYPES = YES;
				CLANG_WARN_SUSPICIOUS_MOVE = YES;
				CLANG_WARN_UNGUARDED_AVAILABILITY = YES_AGGRESSIVE;
				CLANG_WARN_UNREACHABLE_CODE = YES;
				CLANG_WARN__DUPLICATE_METHOD_MATCH = YES;
				COPY_PHASE_STRIP = NO;
				DEBUG_INFORMATION_FORMAT = dwarf;
				ENABLE_STRICT_OBJC_MSGSEND = YES;
				ENABLE_TESTABILITY = YES;
				GCC_C_LANGUAGE_STANDARD = gnu11;
				GCC_DYNAMIC_NO_PIC = NO;
				GCC_NO_COMMON_BLOCKS = YES;
				GCC_OPTIMIZATION_LEVEL = 0;
				GCC_PREPROCESSOR_DEFINITIONS = (
					"DEBUG=1",
					"$(inherited)",
				);
				GCC_WARN_64_TO_32_BIT_CONVERSION = YES;
				GCC_WARN_ABOUT_RETURN_TYPE = YES_ERROR;
				GCC_WARN_UNDECLARED_SELECTOR = YES;
				GCC_WARN_UNINITIALIZED_AUTOS = YES_AGGRESSIVE;
				GCC_WARN_UNUSED_FUNCTION = YES;
				GCC_WARN_UNUSED_VARIABLE = YES;
				IPHONEOS_DEPLOYMENT_TARGET = 15.2;
				MTL_ENABLE_DEBUG_INFO = INCLUDE_SOURCE;
				MTL_FAST_MATH = YES;
				ONLY_ACTIVE_ARCH = YES;
				SDKROOT = iphoneos;
				SWIFT_ACTIVE_COMPILATION_CONDITIONS = DEBUG;
				SWIFT_OPTIMIZATION_LEVEL = "-Onone";
			};
			name = Debug;
		};
		BB5964C527AD67360010A424 /* Release */ = {
			isa = XCBuildConfiguration;
			buildSettings = {
				ALWAYS_SEARCH_USER_PATHS = NO;
				CLANG_ANALYZER_NONNULL = YES;
				CLANG_ANALYZER_NUMBER_OBJECT_CONVERSION = YES_AGGRESSIVE;
				CLANG_CXX_LANGUAGE_STANDARD = "gnu++17";
				CLANG_CXX_LIBRARY = "libc++";
				CLANG_ENABLE_MODULES = YES;
				CLANG_ENABLE_OBJC_ARC = YES;
				CLANG_ENABLE_OBJC_WEAK = YES;
				CLANG_WARN_BLOCK_CAPTURE_AUTORELEASING = YES;
				CLANG_WARN_BOOL_CONVERSION = YES;
				CLANG_WARN_COMMA = YES;
				CLANG_WARN_CONSTANT_CONVERSION = YES;
				CLANG_WARN_DEPRECATED_OBJC_IMPLEMENTATIONS = YES;
				CLANG_WARN_DIRECT_OBJC_ISA_USAGE = YES_ERROR;
				CLANG_WARN_DOCUMENTATION_COMMENTS = YES;
				CLANG_WARN_EMPTY_BODY = YES;
				CLANG_WARN_ENUM_CONVERSION = YES;
				CLANG_WARN_INFINITE_RECURSION = YES;
				CLANG_WARN_INT_CONVERSION = YES;
				CLANG_WARN_NON_LITERAL_NULL_CONVERSION = YES;
				CLANG_WARN_OBJC_IMPLICIT_RETAIN_SELF = YES;
				CLANG_WARN_OBJC_LITERAL_CONVERSION = YES;
				CLANG_WARN_OBJC_ROOT_CLASS = YES_ERROR;
				CLANG_WARN_QUOTED_INCLUDE_IN_FRAMEWORK_HEADER = YES;
				CLANG_WARN_RANGE_LOOP_ANALYSIS = YES;
				CLANG_WARN_STRICT_PROTOTYPES = YES;
				CLANG_WARN_SUSPICIOUS_MOVE = YES;
				CLANG_WARN_UNGUARDED_AVAILABILITY = YES_AGGRESSIVE;
				CLANG_WARN_UNREACHABLE_CODE = YES;
				CLANG_WARN__DUPLICATE_METHOD_MATCH = YES;
				COPY_PHASE_STRIP = NO;
				DEBUG_INFORMATION_FORMAT = "dwarf-with-dsym";
				ENABLE_NS_ASSERTIONS = NO;
				ENABLE_STRICT_OBJC_MSGSEND = YES;
				GCC_C_LANGUAGE_STANDARD = gnu11;
				GCC_NO_COMMON_BLOCKS = YES;
				GCC_WARN_64_TO_32_BIT_CONVERSION = YES;
				GCC_WARN_ABOUT_RETURN_TYPE = YES_ERROR;
				GCC_WARN_UNDECLARED_SELECTOR = YES;
				GCC_WARN_UNINITIALIZED_AUTOS = YES_AGGRESSIVE;
				GCC_WARN_UNUSED_FUNCTION = YES;
				GCC_WARN_UNUSED_VARIABLE = YES;
				IPHONEOS_DEPLOYMENT_TARGET = 15.2;
				MTL_ENABLE_DEBUG_INFO = NO;
				MTL_FAST_MATH = YES;
				SDKROOT = iphoneos;
				SWIFT_COMPILATION_MODE = wholemodule;
				SWIFT_OPTIMIZATION_LEVEL = "-O";
				VALIDATE_PRODUCT = YES;
			};
			name = Release;
		};
		BB5964C727AD67360010A424 /* Debug */ = {
			isa = XCBuildConfiguration;
			baseConfigurationReference = 292418F9E2265EDA6B1B7506 /* Pods-BloggingApp.debug.xcconfig */;
			buildSettings = {
				ASSETCATALOG_COMPILER_APPICON_NAME = AppIcon;
				ASSETCATALOG_COMPILER_GLOBAL_ACCENT_COLOR_NAME = AccentColor;
				CODE_SIGN_STYLE = Automatic;
				CURRENT_PROJECT_VERSION = 1;
				DEVELOPMENT_TEAM = SF69972TN6;
				GENERATE_INFOPLIST_FILE = YES;
				INFOPLIST_FILE = BloggingApp/Info.plist;
				INFOPLIST_KEY_UIApplicationSupportsIndirectInputEvents = YES;
				INFOPLIST_KEY_UILaunchStoryboardName = LaunchScreen;
				INFOPLIST_KEY_UIMainStoryboardFile = "";
				INFOPLIST_KEY_UISupportedInterfaceOrientations = UIInterfaceOrientationPortrait;
				INFOPLIST_KEY_UISupportedInterfaceOrientations_iPad = "UIInterfaceOrientationPortrait UIInterfaceOrientationPortraitUpsideDown UIInterfaceOrientationLandscapeLeft UIInterfaceOrientationLandscapeRight";
				INFOPLIST_KEY_UISupportedInterfaceOrientations_iPhone = "UIInterfaceOrientationPortrait UIInterfaceOrientationLandscapeLeft UIInterfaceOrientationLandscapeRight";
				IPHONEOS_DEPLOYMENT_TARGET = 13.6;
				LD_RUNPATH_SEARCH_PATHS = (
					"$(inherited)",
					"@executable_path/Frameworks",
				);
				MARKETING_VERSION = 1.0;
				PRODUCT_BUNDLE_IDENTIFIER = com.SmK.BloggingApp;
				PRODUCT_NAME = "$(TARGET_NAME)";
				SWIFT_EMIT_LOC_STRINGS = YES;
				SWIFT_VERSION = 5.0;
				TARGETED_DEVICE_FAMILY = 1;
			};
			name = Debug;
		};
		BB5964C827AD67360010A424 /* Release */ = {
			isa = XCBuildConfiguration;
			baseConfigurationReference = 1263E03C67C813D7CE47D453 /* Pods-BloggingApp.release.xcconfig */;
			buildSettings = {
				ASSETCATALOG_COMPILER_APPICON_NAME = AppIcon;
				ASSETCATALOG_COMPILER_GLOBAL_ACCENT_COLOR_NAME = AccentColor;
				CODE_SIGN_STYLE = Automatic;
				CURRENT_PROJECT_VERSION = 1;
				DEVELOPMENT_TEAM = SF69972TN6;
				GENERATE_INFOPLIST_FILE = YES;
				INFOPLIST_FILE = BloggingApp/Info.plist;
				INFOPLIST_KEY_UIApplicationSupportsIndirectInputEvents = YES;
				INFOPLIST_KEY_UILaunchStoryboardName = LaunchScreen;
				INFOPLIST_KEY_UIMainStoryboardFile = "";
				INFOPLIST_KEY_UISupportedInterfaceOrientations = UIInterfaceOrientationPortrait;
				INFOPLIST_KEY_UISupportedInterfaceOrientations_iPad = "UIInterfaceOrientationPortrait UIInterfaceOrientationPortraitUpsideDown UIInterfaceOrientationLandscapeLeft UIInterfaceOrientationLandscapeRight";
				INFOPLIST_KEY_UISupportedInterfaceOrientations_iPhone = "UIInterfaceOrientationPortrait UIInterfaceOrientationLandscapeLeft UIInterfaceOrientationLandscapeRight";
				IPHONEOS_DEPLOYMENT_TARGET = 13.6;
				LD_RUNPATH_SEARCH_PATHS = (
					"$(inherited)",
					"@executable_path/Frameworks",
				);
				MARKETING_VERSION = 1.0;
				PRODUCT_BUNDLE_IDENTIFIER = com.SmK.BloggingApp;
				PRODUCT_NAME = "$(TARGET_NAME)";
				SWIFT_EMIT_LOC_STRINGS = YES;
				SWIFT_VERSION = 5.0;
				TARGETED_DEVICE_FAMILY = 1;
			};
			name = Release;
		};
/* End XCBuildConfiguration section */

/* Begin XCConfigurationList section */
		BB5964AD27AD67360010A424 /* Build configuration list for PBXProject "BloggingApp" */ = {
			isa = XCConfigurationList;
			buildConfigurations = (
				BB5964C427AD67360010A424 /* Debug */,
				BB5964C527AD67360010A424 /* Release */,
			);
			defaultConfigurationIsVisible = 0;
			defaultConfigurationName = Release;
		};
		BB5964C627AD67360010A424 /* Build configuration list for PBXNativeTarget "BloggingApp" */ = {
			isa = XCConfigurationList;
			buildConfigurations = (
				BB5964C727AD67360010A424 /* Debug */,
				BB5964C827AD67360010A424 /* Release */,
			);
			defaultConfigurationIsVisible = 0;
			defaultConfigurationName = Release;
		};
/* End XCConfigurationList section */
	};
	rootObject = BB5964AA27AD67360010A424 /* Project object */;
}
